
Microsoft Visual Studio Solution File, Format Version 12.00
# Visual Studio Version 16
VisualStudioVersion = 16.0.28803.202
MinimumVisualStudioVersion = 10.0.40219.1
Project("{FAE04EC0-301F-11D3-BF4B-00C04F79EFBC}") = "RestApiTz", "RestApiTz\RestApiTz.csproj", "{1D727A42-EB7B-4E8F-995F-4E92359397CC}"
EndProject
Project("{FAE04EC0-301F-11D3-BF4B-00C04F79EFBC}") = "DbRepository", "DbRepository\DbRepository.csproj", "{1B59A94F-D906-4026-91ED-3DB6353077E5}"
EndProject
Project("{FAE04EC0-301F-11D3-BF4B-00C04F79EFBC}") = "Models", "Models\Models.csproj", "{20FEA648-0D15-4DB1-90C0-4F182C4BC20D}"
EndProject
Global
	GlobalSection(SolutionConfigurationPlatforms) = preSolution
		Debug|Any CPU = Debug|Any CPU
		Release|Any CPU = Release|Any CPU
	EndGlobalSection
	GlobalSection(ProjectConfigurationPlatforms) = postSolution
		{1D727A42-EB7B-4E8F-995F-4E92359397CC}.Debug|Any CPU.ActiveCfg = Debug|Any CPU
		{1D727A42-EB7B-4E8F-995F-4E92359397CC}.Debug|Any CPU.Build.0 = Debug|Any CPU
		{1D727A42-EB7B-4E8F-995F-4E92359397CC}.Release|Any CPU.ActiveCfg = Release|Any CPU
		{1D727A42-EB7B-4E8F-995F-4E92359397CC}.Release|Any CPU.Build.0 = Release|Any CPU
		{1B59A94F-D906-4026-91ED-3DB6353077E5}.Debug|Any CPU.ActiveCfg = Debug|Any CPU
		{1B59A94F-D906-4026-91ED-3DB6353077E5}.Debug|Any CPU.Build.0 = Debug|Any CPU
		{1B59A94F-D906-4026-91ED-3DB6353077E5}.Release|Any CPU.ActiveCfg = Release|Any CPU
		{1B59A94F-D906-4026-91ED-3DB6353077E5}.Release|Any CPU.Build.0 = Release|Any CPU
		{20FEA648-0D15-4DB1-90C0-4F182C4BC20D}.Debug|Any CPU.ActiveCfg = Debug|Any CPU
		{20FEA648-0D15-4DB1-90C0-4F182C4BC20D}.Debug|Any CPU.Build.0 = Debug|Any CPU
		{20FEA648-0D15-4DB1-90C0-4F182C4BC20D}.Release|Any CPU.ActiveCfg = Release|Any CPU
		{20FEA648-0D15-4DB1-90C0-4F182C4BC20D}.Release|Any CPU.Build.0 = Release|Any CPU
	EndGlobalSection
	GlobalSection(SolutionProperties) = preSolution
		HideSolutionNode = FALSE
	EndGlobalSection
	GlobalSection(ExtensibilityGlobals) = postSolution
		SolutionGuid = {D14FE19D-571C-4CD3-B30F-DE0C3730691C}
	EndGlobalSection
EndGlobal
